PODS:
  - Alamofire (4.7.3)
  - CocoaAsyncSocket (7.6.3)
  - CocoaLumberjack/Default (3.4.2)
  - CocoaLumberjack/Swift (3.4.2):
    - CocoaLumberjack/Default
  - DZNEmptyDataSet (1.8.1)
  - FSPagerView (0.8.1)
  - IQKeyboardManagerSwift (6.2.0)
  - Kingfisher (4.10.0)
  - MBProgressHUD (1.1.0)
  - MJRefresh (3.1.15.7)
  - Moya (11.0.2):
    - Moya/Core (= 11.0.2)
  - Moya/Core (11.0.2):
    - Alamofire (~> 4.1)
    - Result (~> 3.0)
  - Result (3.2.4)
  - RxCocoa (4.3.1):
    - RxSwift (~> 4.0)
  - RxSwift (4.3.1)
  - SnapKit (4.0.1)
  - SwiftDate (5.0.9)
  - SwifterSwift (4.6.0):
    - SwifterSwift/AppKit (= 4.6.0)
    - SwifterSwift/CoreGraphics (= 4.6.0)
    - SwifterSwift/CoreLocation (= 4.6.0)
    - SwifterSwift/Foundation (= 4.6.0)
    - SwifterSwift/MapKit (= 4.6.0)
    - SwifterSwift/SpriteKit (= 4.6.0)
    - SwifterSwift/SwiftStdlib (= 4.6.0)
    - SwifterSwift/UIKit (= 4.6.0)
  - SwifterSwift/AppKit (4.6.0)
  - SwifterSwift/CoreGraphics (4.6.0)
  - SwifterSwift/CoreLocation (4.6.0)
  - SwifterSwift/Foundation (4.6.0)
  - SwifterSwift/MapKit (4.6.0)
  - SwifterSwift/SpriteKit (4.6.0)
  - SwifterSwift/SwiftStdlib (4.6.0)
  - SwifterSwift/UIKit (4.6.0)
  - SwiftMessages (6.0.0):
    - SwiftMessages/App (= 6.0.0)
  - SwiftMessages/App (6.0.0)

DEPENDENCIES:
  - Alamofire
  - CocoaAsyncSocket
  - CocoaLumberjack/Swift
  - DZNEmptyDataSet
  - FSPagerView
  - IQKeyboardManagerSwift
  - Kingfisher
  - MBProgressHUD
  - MJRefresh
  - Moya
  - RxCocoa
  - RxSwift
  - SnapKit
  - SwiftDate
  - SwifterSwift
  - SwiftMessages

SPEC REPOS:
  https://github.com/cocoapods/specs.git:
    - Alamofire
    - CocoaAsyncSocket
    - CocoaLumberjack
    - DZNEmptyDataSet
    - FSPagerView
    - IQKeyboardManagerSwift
    - Kingfisher
    - MBProgressHUD
    - MJRefresh
    - Moya
    - Result
    - RxCocoa
    - RxSwift
    - SnapKit
    - SwiftDate
    - SwifterSwift
    - SwiftMessages

SPEC CHECKSUMS:
  Alamofire: c7287b6e5d7da964a70935e5db17046b7fde6568
  CocoaAsyncSocket: eafaa68a7e0ec99ead0a7b35015e0bf25d2c8987
  CocoaLumberjack: db7cc9e464771f12054c22ff6947c5a58d43a0fd
  DZNEmptyDataSet: 9525833b9e68ac21c30253e1d3d7076cc828eaa7
  FSPagerView: 4e865526acc0b0e3077e2abb29b8d10a9f395476
  IQKeyboardManagerSwift: b07ccf9d8cafe993dcd6cb794eb4ba34611a0c4e
  Kingfisher: 43c4b802d8b5256cf1f4379e9cd10b329be6d3e2
  MBProgressHUD: e7baa36a220447d8aeb12769bf0585582f3866d9
  MJRefresh: 697f8ec75ebdbe9207767bb682cf0f51b0d8a41f
  Moya: a725035953bc1c0eb1be505ab903984501d82440
  Result: d2d07204ce72856f1fd9130bbe42c35a7b0fea10
  RxCocoa: 78763c7b07d02455598d9fc3c1ad091a28b73635
  RxSwift: fe0fd770a43acdb7d0a53da411c9b892e69bb6e4
  SnapKit: 0de968a9fec17499afa29683b05d0c775b6d1c29
  SwiftDate: 52b718d32ec006861a2be2756cbfa482d438e781
  SwifterSwift: 812ffec6f301922f5430e75be3f2939ea3a80024
  SwiftMessages: da7c981256a65b3e58022d9027a36584cf4eccf5

PODFILE CHECKSUM: 04f51a875347fd4beb7b59acd61ae1d6c1acf24e

COCOAPODS: 1.5.3
